
Microsoft Visual Studio Solution File, Format Version 12.00
# Visual Studio Version 17
VisualStudioVersion = 17.3.32929.385
MinimumVisualStudioVersion = 10.0.40219.1
Project("{FAE04EC0-301F-11D3-BF4B-00C04F79EFBC}") = "BulktInsert", "BulktInsert\BulktInsert.csproj", "{BC775E64-D366-473A-8196-6150ED14F0B2}"
EndProject
Global
	GlobalSection(SolutionConfigurationPlatforms) = preSolution
		Debug|Any CPU = Debug|Any CPU
		Release|Any CPU = Release|Any CPU
	EndGlobalSection
	GlobalSection(ProjectConfigurationPlatforms) = postSolution
		{BC775E64-D366-473A-8196-6150ED14F0B2}.Debug|Any CPU.ActiveCfg = Debug|Any CPU
		{BC775E64-D366-473A-8196-6150ED14F0B2}.Debug|Any CPU.Build.0 = Debug|Any CPU
		{BC775E64-D366-473A-8196-6150ED14F0B2}.Release|Any CPU.ActiveCfg = Release|Any CPU
		{BC775E64-D366-473A-8196-6150ED14F0B2}.Release|Any CPU.Build.0 = Release|Any CPU
	EndGlobalSection
	GlobalSection(SolutionProperties) = preSolution
		HideSolutionNode = FALSE
	EndGlobalSection
	GlobalSection(ExtensibilityGlobals) = postSolution
		SolutionGuid = {C646ECF2-719B-433C-AFED-98DD28F0BFB7}
	EndGlobalSection
EndGlobal
